
Microsoft Visual Studio Solution File, Format Version 12.00
# Visual Studio Version 16
VisualStudioVersion = 16.0.30204.135
MinimumVisualStudioVersion = 10.0.40219.1
Project("{FAE04EC0-301F-11D3-BF4B-00C04F79EFBC}") = "ADO.NET-MS SQL", "ADO.NET-MS SQL\ADO.NET-MS SQL.csproj", "{D25FADA3-3FB4-4AD8-AA31-8CC87A20F008}"
EndProject
Global
	GlobalSection(SolutionConfigurationPlatforms) = preSolution
		Debug|Any CPU = Debug|Any CPU
		Release|Any CPU = Release|Any CPU
	EndGlobalSection
	GlobalSection(ProjectConfigurationPlatforms) = postSolution
		{D25FADA3-3FB4-4AD8-AA31-8CC87A20F008}.Debug|Any CPU.ActiveCfg = Debug|Any CPU
		{D25FADA3-3FB4-4AD8-AA31-8CC87A20F008}.Debug|Any CPU.Build.0 = Debug|Any CPU
		{D25FADA3-3FB4-4AD8-AA31-8CC87A20F008}.Release|Any CPU.ActiveCfg = Release|Any CPU
		{D25FADA3-3FB4-4AD8-AA31-8CC87A20F008}.Release|Any CPU.Build.0 = Release|Any CPU
	EndGlobalSection
	GlobalSection(SolutionProperties) = preSolution
		HideSolutionNode = FALSE
	EndGlobalSection
	GlobalSection(ExtensibilityGlobals) = postSolution
		SolutionGuid = {BA4F5252-2B04-410A-867C-05B96333357F}
	EndGlobalSection
EndGlobal
